// !$*UTF8*$!
{
	archiveVersion = 1;
	classes = {
	};
	objectVersion = 56;
	objects = {

/* Begin PBXBuildFile section */
		CC8F47022A29D316003685AA /* MeetingPresenter.swift in Sources */ = {isa = PBXBuildFile; fileRef = CC8F47012A29D316003685AA /* MeetingPresenter.swift */; };
		CC8F470A2A29D3BC003685AA /* CardOfDayPresenter.swift in Sources */ = {isa = PBXBuildFile; fileRef = CC8F47092A29D3BC003685AA /* CardOfDayPresenter.swift */; };
		CC8F47142A29D4DA003685AA /* MyTableCell.swift in Sources */ = {isa = PBXBuildFile; fileRef = CC8F47132A29D4DA003685AA /* MyTableCell.swift */; };
		CC8F47162A29D4FA003685AA /* ReportPresenter.swift in Sources */ = {isa = PBXBuildFile; fileRef = CC8F47152A29D4FA003685AA /* ReportPresenter.swift */; };
		CC8F47182A29D536003685AA /* Date+.swift in Sources */ = {isa = PBXBuildFile; fileRef = CC8F47172A29D536003685AA /* Date+.swift */; };
		CC8F471A2A29D55C003685AA /* ReportVC.swift in Sources */ = {isa = PBXBuildFile; fileRef = CC8F47192A29D55C003685AA /* ReportVC.swift */; };
		CC8F471C2A29D5B8003685AA /* CardOfDayVC.swift in Sources */ = {isa = PBXBuildFile; fileRef = CC8F471B2A29D5B8003685AA /* CardOfDayVC.swift */; };
		CC8F471E2A29D608003685AA /* MeetingVC.swift in Sources */ = {isa = PBXBuildFile; fileRef = CC8F471D2A29D608003685AA /* MeetingVC.swift */; };
		CC8F47202A29E11E003685AA /* Router.swift in Sources */ = {isa = PBXBuildFile; fileRef = CC8F471F2A29E11E003685AA /* Router.swift */; };
		CC8F47242A2AFA37003685AA /* StartPresenter.swift in Sources */ = {isa = PBXBuildFile; fileRef = CC8F47232A2AFA37003685AA /* StartPresenter.swift */; };
		CC92DDA72A03D61C007ECEFA /* AppDelegate.swift in Sources */ = {isa = PBXBuildFile; fileRef = CC92DDA62A03D61C007ECEFA /* AppDelegate.swift */; };
		CC92DDA92A03D61C007ECEFA /* SceneDelegate.swift in Sources */ = {isa = PBXBuildFile; fileRef = CC92DDA82A03D61C007ECEFA /* SceneDelegate.swift */; };
		CC92DDAB2A03D61C007ECEFA /* StartVC.swift in Sources */ = {isa = PBXBuildFile; fileRef = CC92DDAA2A03D61C007ECEFA /* StartVC.swift */; };
		CC92DDB02A03D61E007ECEFA /* Assets.xcassets in Resources */ = {isa = PBXBuildFile; fileRef = CC92DDAF2A03D61E007ECEFA /* Assets.xcassets */; };
		CC92DDB32A03D61E007ECEFA /* LaunchScreen.storyboard in Resources */ = {isa = PBXBuildFile; fileRef = CC92DDB12A03D61E007ECEFA /* LaunchScreen.storyboard */; };
		CC92DDC12A03F379007ECEFA /* MeetingDay.swift in Sources */ = {isa = PBXBuildFile; fileRef = CC92DDC02A03F379007ECEFA /* MeetingDay.swift */; };
		CC92DDC32A040318007ECEFA /* Store.swift in Sources */ = {isa = PBXBuildFile; fileRef = CC92DDC22A040318007ECEFA /* Store.swift */; };
		CCA508B42A2DC1570066CEEF /* Int+.swift in Sources */ = {isa = PBXBuildFile; fileRef = CCA508B32A2DC1570066CEEF /* Int+.swift */; };
		CCC9F1992A247D2200BF8A22 /* AssemblyModuleBuilder.swift in Sources */ = {isa = PBXBuildFile; fileRef = CCC9F1982A247D2200BF8A22 /* AssemblyModuleBuilder.swift */; };
/* End PBXBuildFile section */

/* Begin PBXFileReference section */
		CC8F47012A29D316003685AA /* MeetingPresenter.swift */ = {isa = PBXFileReference; lastKnownFileType = sourcecode.swift; path = MeetingPresenter.swift; sourceTree = "<group>"; };
		CC8F47092A29D3BC003685AA /* CardOfDayPresenter.swift */ = {isa = PBXFileReference; lastKnownFileType = sourcecode.swift; path = CardOfDayPresenter.swift; sourceTree = "<group>"; };
		CC8F47132A29D4DA003685AA /* MyTableCell.swift */ = {isa = PBXFileReference; lastKnownFileType = sourcecode.swift; path = MyTableCell.swift; sourceTree = "<group>"; };
		CC8F47152A29D4FA003685AA /* ReportPresenter.swift */ = {isa = PBXFileReference; lastKnownFileType = sourcecode.swift; path = ReportPresenter.swift; sourceTree = "<group>"; };
		CC8F47172A29D536003685AA /* Date+.swift */ = {isa = PBXFileReference; lastKnownFileType = sourcecode.swift; path = "Date+.swift"; sourceTree = "<group>"; };
		CC8F47192A29D55C003685AA /* ReportVC.swift */ = {isa = PBXFileReference; lastKnownFileType = sourcecode.swift; path = ReportVC.swift; sourceTree = "<group>"; };
		CC8F471B2A29D5B8003685AA /* CardOfDayVC.swift */ = {isa = PBXFileReference; lastKnownFileType = sourcecode.swift; path = CardOfDayVC.swift; sourceTree = "<group>"; };
		CC8F471D2A29D608003685AA /* MeetingVC.swift */ = {isa = PBXFileReference; lastKnownFileType = sourcecode.swift; path = MeetingVC.swift; sourceTree = "<group>"; };
		CC8F471F2A29E11E003685AA /* Router.swift */ = {isa = PBXFileReference; lastKnownFileType = sourcecode.swift; path = Router.swift; sourceTree = "<group>"; };
		CC8F47232A2AFA37003685AA /* StartPresenter.swift */ = {isa = PBXFileReference; lastKnownFileType = sourcecode.swift; path = StartPresenter.swift; sourceTree = "<group>"; };
		CC92DDA32A03D61C007ECEFA /* AlfaSVK.app */ = {isa = PBXFileReference; explicitFileType = wrapper.application; includeInIndex = 0; path = AlfaSVK.app; sourceTree = BUILT_PRODUCTS_DIR; };
		CC92DDA62A03D61C007ECEFA /* AppDelegate.swift */ = {isa = PBXFileReference; lastKnownFileType = sourcecode.swift; path = AppDelegate.swift; sourceTree = "<group>"; };
		CC92DDA82A03D61C007ECEFA /* SceneDelegate.swift */ = {isa = PBXFileReference; lastKnownFileType = sourcecode.swift; path = SceneDelegate.swift; sourceTree = "<group>"; };
		CC92DDAA2A03D61C007ECEFA /* StartVC.swift */ = {isa = PBXFileReference; lastKnownFileType = sourcecode.swift; path = StartVC.swift; sourceTree = "<group>"; };
		CC92DDAF2A03D61E007ECEFA /* Assets.xcassets */ = {isa = PBXFileReference; lastKnownFileType = folder.assetcatalog; path = Assets.xcassets; sourceTree = "<group>"; };
		CC92DDB22A03D61E007ECEFA /* Base */ = {isa = PBXFileReference; lastKnownFileType = file.storyboard; name = Base; path = Base.lproj/LaunchScreen.storyboard; sourceTree = "<group>"; };
		CC92DDB42A03D61E007ECEFA /* Info.plist */ = {isa = PBXFileReference; lastKnownFileType = text.plist.xml; path = Info.plist; sourceTree = "<group>"; };
		CC92DDC02A03F379007ECEFA /* MeetingDay.swift */ = {isa = PBXFileReference; lastKnownFileType = sourcecode.swift; path = MeetingDay.swift; sourceTree = "<group>"; };
		CC92DDC22A040318007ECEFA /* Store.swift */ = {isa = PBXFileReference; lastKnownFileType = sourcecode.swift; path = Store.swift; sourceTree = "<group>"; };
		CCA508B32A2DC1570066CEEF /* Int+.swift */ = {isa = PBXFileReference; lastKnownFileType = sourcecode.swift; path = "Int+.swift"; sourceTree = "<group>"; };
		CCC9F1982A247D2200BF8A22 /* AssemblyModuleBuilder.swift */ = {isa = PBXFileReference; lastKnownFileType = sourcecode.swift; path = AssemblyModuleBuilder.swift; sourceTree = "<group>"; };
/* End PBXFileReference section */

/* Begin PBXFrameworksBuildPhase section */
		CC92DDA02A03D61C007ECEFA /* Frameworks */ = {
			isa = PBXFrameworksBuildPhase;
			buildActionMask = 2147483647;
			files = (
			);
			runOnlyForDeploymentPostprocessing = 0;
		};
/* End PBXFrameworksBuildPhase section */

/* Begin PBXGroup section */
		CC8F46FD2A29D26D003685AA /* StoreModel */ = {
			isa = PBXGroup;
			children = (
				CC92DDC02A03F379007ECEFA /* MeetingDay.swift */,
			);
			name = StoreModel;
			sourceTree = "<group>";
		};
		CC8F46FE2A29D2C0003685AA /* StartModule */ = {
			isa = PBXGroup;
			children = (
				CC8F47222A2AFA1E003685AA /* View */,
				CC8F47212A2AFA1A003685AA /* Presenter */,
			);
			name = StartModule;
			sourceTree = "<group>";
		};
		CC8F46FF2A29D2DA003685AA /* MeetingModule */ = {
			isa = PBXGroup;
			children = (
				CC8F47032A29D326003685AA /* View */,
				CC8F47002A29D2FA003685AA /* Presenter */,
			);
			name = MeetingModule;
			sourceTree = "<group>";
		};
		CC8F47002A29D2FA003685AA /* Presenter */ = {
			isa = PBXGroup;
			children = (
				CC8F47012A29D316003685AA /* MeetingPresenter.swift */,
			);
			name = Presenter;
			sourceTree = "<group>";
		};
		CC8F47032A29D326003685AA /* View */ = {
			isa = PBXGroup;
			children = (
				CC8F471D2A29D608003685AA /* MeetingVC.swift */,
			);
			name = View;
			sourceTree = "<group>";
		};
		CC8F47062A29D379003685AA /* CardOfDayModule */ = {
			isa = PBXGroup;
			children = (
				CC8F47082A29D38C003685AA /* View */,
				CC8F47072A29D37F003685AA /* Presenter */,
			);
			name = CardOfDayModule;
			sourceTree = "<group>";
		};
		CC8F47072A29D37F003685AA /* Presenter */ = {
			isa = PBXGroup;
			children = (
				CC8F47092A29D3BC003685AA /* CardOfDayPresenter.swift */,
			);
			name = Presenter;
			sourceTree = "<group>";
		};
		CC8F47082A29D38C003685AA /* View */ = {
			isa = PBXGroup;
			children = (
				CC8F471B2A29D5B8003685AA /* CardOfDayVC.swift */,
			);
			name = View;
			sourceTree = "<group>";
		};
		CC8F470D2A29D3FD003685AA /* ReportModule */ = {
			isa = PBXGroup;
			children = (
				CC8F470F2A29D486003685AA /* View */,
				CC8F470E2A29D413003685AA /* Presenter */,
			);
			name = ReportModule;
			sourceTree = "<group>";
		};
		CC8F470E2A29D413003685AA /* Presenter */ = {
			isa = PBXGroup;
			children = (
				CC8F47152A29D4FA003685AA /* ReportPresenter.swift */,
			);
			name = Presenter;
			sourceTree = "<group>";
		};
		CC8F470F2A29D486003685AA /* View */ = {
			isa = PBXGroup;
			children = (
				CC8F47192A29D55C003685AA /* ReportVC.swift */,
				CC8F47122A29D4C0003685AA /* Cell */,
			);
			name = View;
			sourceTree = "<group>";
		};
		CC8F47122A29D4C0003685AA /* Cell */ = {
			isa = PBXGroup;
			children = (
				CC8F47132A29D4DA003685AA /* MyTableCell.swift */,
			);
			name = Cell;
			sourceTree = "<group>";
		};
		CC8F47212A2AFA1A003685AA /* Presenter */ = {
			isa = PBXGroup;
			children = (
				CC8F47232A2AFA37003685AA /* StartPresenter.swift */,
			);
			name = Presenter;
			sourceTree = "<group>";
		};
		CC8F47222A2AFA1E003685AA /* View */ = {
			isa = PBXGroup;
			children = (
				CC92DDAA2A03D61C007ECEFA /* StartVC.swift */,
			);
			name = View;
			sourceTree = "<group>";
		};
		CC92DD9A2A03D61C007ECEFA = {
			isa = PBXGroup;
			children = (
				CC92DDA52A03D61C007ECEFA /* AlfaSVK */,
				CC92DDA42A03D61C007ECEFA /* Products */,
			);
			sourceTree = "<group>";
		};
		CC92DDA42A03D61C007ECEFA /* Products */ = {
			isa = PBXGroup;
			children = (
				CC92DDA32A03D61C007ECEFA /* AlfaSVK.app */,
			);
			name = Products;
			sourceTree = "<group>";
		};
		CC92DDA52A03D61C007ECEFA /* AlfaSVK */ = {
			isa = PBXGroup;
			children = (
				CC92DDA62A03D61C007ECEFA /* AppDelegate.swift */,
				CC92DDA82A03D61C007ECEFA /* SceneDelegate.swift */,
				CCC9F1982A247D2200BF8A22 /* AssemblyModuleBuilder.swift */,
				CC8F471F2A29E11E003685AA /* Router.swift */,
				CC8F46FD2A29D26D003685AA /* StoreModel */,
				CC92DDBF2A03F311007ECEFA /* StoreLayer */,
				CC8F46FE2A29D2C0003685AA /* StartModule */,
				CC8F46FF2A29D2DA003685AA /* MeetingModule */,
				CC8F47062A29D379003685AA /* CardOfDayModule */,
				CC8F470D2A29D3FD003685AA /* ReportModule */,
				CCA508B22A2DC11E0066CEEF /* Extensions */,
				CC92DDB12A03D61E007ECEFA /* LaunchScreen.storyboard */,
				CC92DDAF2A03D61E007ECEFA /* Assets.xcassets */,
				CC92DDB42A03D61E007ECEFA /* Info.plist */,
			);
			path = AlfaSVK;
			sourceTree = "<group>";
		};
		CC92DDBF2A03F311007ECEFA /* StoreLayer */ = {
			isa = PBXGroup;
			children = (
				CC92DDC22A040318007ECEFA /* Store.swift */,
			);
			name = StoreLayer;
			sourceTree = "<group>";
		};
		CCA508B22A2DC11E0066CEEF /* Extensions */ = {
			isa = PBXGroup;
			children = (
				CC8F47172A29D536003685AA /* Date+.swift */,
				CCA508B32A2DC1570066CEEF /* Int+.swift */,
			);
			name = Extensions;
			sourceTree = "<group>";
		};
/* End PBXGroup section */

/* Begin PBXNativeTarget section */
		CC92DDA22A03D61C007ECEFA /* AlfaSVK */ = {
			isa = PBXNativeTarget;
			buildConfigurationList = CC92DDB72A03D61E007ECEFA /* Build configuration list for PBXNativeTarget "AlfaSVK" */;
			buildPhases = (
				CC92DD9F2A03D61C007ECEFA /* Sources */,
				CC92DDA02A03D61C007ECEFA /* Frameworks */,
				CC92DDA12A03D61C007ECEFA /* Resources */,
			);
			buildRules = (
			);
			dependencies = (
			);
			name = AlfaSVK;
			productName = AlfaSVK;
			productReference = CC92DDA32A03D61C007ECEFA /* AlfaSVK.app */;
			productType = "com.apple.product-type.application";
		};
/* End PBXNativeTarget section */

/* Begin PBXProject section */
		CC92DD9B2A03D61C007ECEFA /* Project object */ = {
			isa = PBXProject;
			attributes = {
				BuildIndependentTargetsInParallel = 1;
				LastSwiftUpdateCheck = 1430;
				LastUpgradeCheck = 1430;
				TargetAttributes = {
					CC92DDA22A03D61C007ECEFA = {
						CreatedOnToolsVersion = 14.3;
					};
				};
			};
			buildConfigurationList = CC92DD9E2A03D61C007ECEFA /* Build configuration list for PBXProject "AlfaSVK" */;
			compatibilityVersion = "Xcode 14.0";
			developmentRegion = en;
			hasScannedForEncodings = 0;
			knownRegions = (
				en,
				Base,
			);
			mainGroup = CC92DD9A2A03D61C007ECEFA;
			productRefGroup = CC92DDA42A03D61C007ECEFA /* Products */;
			projectDirPath = "";
			projectRoot = "";
			targets = (
				CC92DDA22A03D61C007ECEFA /* AlfaSVK */,
			);
		};
/* End PBXProject section */

/* Begin PBXResourcesBuildPhase section */
		CC92DDA12A03D61C007ECEFA /* Resources */ = {
			isa = PBXResourcesBuildPhase;
			buildActionMask = 2147483647;
			files = (
				CC92DDB32A03D61E007ECEFA /* LaunchScreen.storyboard in Resources */,
				CC92DDB02A03D61E007ECEFA /* Assets.xcassets in Resources */,
			);
			runOnlyForDeploymentPostprocessing = 0;
		};
/* End PBXResourcesBuildPhase section */

/* Begin PBXSourcesBuildPhase section */
		CC92DD9F2A03D61C007ECEFA /* Sources */ = {
			isa = PBXSourcesBuildPhase;
			buildActionMask = 2147483647;
			files = (
				CC8F471C2A29D5B8003685AA /* CardOfDayVC.swift in Sources */,
				CC8F471A2A29D55C003685AA /* ReportVC.swift in Sources */,
				CC8F470A2A29D3BC003685AA /* CardOfDayPresenter.swift in Sources */,
				CC8F47182A29D536003685AA /* Date+.swift in Sources */,
				CC92DDC32A040318007ECEFA /* Store.swift in Sources */,
				CC8F47242A2AFA37003685AA /* StartPresenter.swift in Sources */,
				CC92DDAB2A03D61C007ECEFA /* StartVC.swift in Sources */,
				CC8F471E2A29D608003685AA /* MeetingVC.swift in Sources */,
				CC8F47202A29E11E003685AA /* Router.swift in Sources */,
				CC92DDA72A03D61C007ECEFA /* AppDelegate.swift in Sources */,
				CCC9F1992A247D2200BF8A22 /* AssemblyModuleBuilder.swift in Sources */,
				CC8F47162A29D4FA003685AA /* ReportPresenter.swift in Sources */,
				CCA508B42A2DC1570066CEEF /* Int+.swift in Sources */,
				CC8F47022A29D316003685AA /* MeetingPresenter.swift in Sources */,
				CC8F47142A29D4DA003685AA /* MyTableCell.swift in Sources */,
				CC92DDA92A03D61C007ECEFA /* SceneDelegate.swift in Sources */,
				CC92DDC12A03F379007ECEFA /* MeetingDay.swift in Sources */,
			);
			runOnlyForDeploymentPostprocessing = 0;
		};
/* End PBXSourcesBuildPhase section */

/* Begin PBXVariantGroup section */
		CC92DDB12A03D61E007ECEFA /* LaunchScreen.storyboard */ = {
			isa = PBXVariantGroup;
			children = (
				CC92DDB22A03D61E007ECEFA /* Base */,
			);
			name = LaunchScreen.storyboard;
			sourceTree = "<group>";
		};
/* End PBXVariantGroup section */

/* Begin XCBuildConfiguration section */
		CC92DDB52A03D61E007ECEFA /* Debug */ = {
			isa = XCBuildConfiguration;
			buildSettings = {
				ALWAYS_SEARCH_USER_PATHS = NO;
				CLANG_ANALYZER_NONNULL = YES;
				CLANG_ANALYZER_NUMBER_OBJECT_CONVERSION = YES_AGGRESSIVE;
				CLANG_CXX_LANGUAGE_STANDARD = "gnu++20";
				CLANG_ENABLE_MODULES = YES;
				CLANG_ENABLE_OBJC_ARC = YES;
				CLANG_ENABLE_OBJC_WEAK = YES;
				CLANG_WARN_BLOCK_CAPTURE_AUTORELEASING = YES;
				CLANG_WARN_BOOL_CONVERSION = YES;
				CLANG_WARN_COMMA = YES;
				CLANG_WARN_CONSTANT_CONVERSION = YES;
				CLANG_WARN_DEPRECATED_OBJC_IMPLEMENTATIONS = YES;
				CLANG_WARN_DIRECT_OBJC_ISA_USAGE = YES_ERROR;
				CLANG_WARN_DOCUMENTATION_COMMENTS = YES;
				CLANG_WARN_EMPTY_BODY = YES;
				CLANG_WARN_ENUM_CONVERSION = YES;
				CLANG_WARN_INFINITE_RECURSION = YES;
				CLANG_WARN_INT_CONVERSION = YES;
				CLANG_WARN_NON_LITERAL_NULL_CONVERSION = YES;
				CLANG_WARN_OBJC_IMPLICIT_RETAIN_SELF = YES;
				CLANG_WARN_OBJC_LITERAL_CONVERSION = YES;
				CLANG_WARN_OBJC_ROOT_CLASS = YES_ERROR;
				CLANG_WARN_QUOTED_INCLUDE_IN_FRAMEWORK_HEADER = YES;
				CLANG_WARN_RANGE_LOOP_ANALYSIS = YES;
				CLANG_WARN_STRICT_PROTOTYPES = YES;
				CLANG_WARN_SUSPICIOUS_MOVE = YES;
				CLANG_WARN_UNGUARDED_AVAILABILITY = YES_AGGRESSIVE;
				CLANG_WARN_UNREACHABLE_CODE = YES;
				CLANG_WARN__DUPLICATE_METHOD_MATCH = YES;
				COPY_PHASE_STRIP = NO;
				DEBUG_INFORMATION_FORMAT = dwarf;
				ENABLE_STRICT_OBJC_MSGSEND = YES;
				ENABLE_TESTABILITY = YES;
				GCC_C_LANGUAGE_STANDARD = gnu11;
				GCC_DYNAMIC_NO_PIC = NO;
				GCC_NO_COMMON_BLOCKS = YES;
				GCC_OPTIMIZATION_LEVEL = 0;
				GCC_PREPROCESSOR_DEFINITIONS = (
					"DEBUG=1",
					"$(inherited)",
				);
				GCC_WARN_64_TO_32_BIT_CONVERSION = YES;
				GCC_WARN_ABOUT_RETURN_TYPE = YES_ERROR;
				GCC_WARN_UNDECLARED_SELECTOR = YES;
				GCC_WARN_UNINITIALIZED_AUTOS = YES_AGGRESSIVE;
				GCC_WARN_UNUSED_FUNCTION = YES;
				GCC_WARN_UNUSED_VARIABLE = YES;
				IPHONEOS_DEPLOYMENT_TARGET = 16.4;
				MTL_ENABLE_DEBUG_INFO = INCLUDE_SOURCE;
				MTL_FAST_MATH = YES;
				ONLY_ACTIVE_ARCH = YES;
				SDKROOT = iphoneos;
				SWIFT_ACTIVE_COMPILATION_CONDITIONS = DEBUG;
				SWIFT_OPTIMIZATION_LEVEL = "-Onone";
			};
			name = Debug;
		};
		CC92DDB62A03D61E007ECEFA /* Release */ = {
			isa = XCBuildConfiguration;
			buildSettings = {
				ALWAYS_SEARCH_USER_PATHS = NO;
				CLANG_ANALYZER_NONNULL = YES;
				CLANG_ANALYZER_NUMBER_OBJECT_CONVERSION = YES_AGGRESSIVE;
				CLANG_CXX_LANGUAGE_STANDARD = "gnu++20";
				CLANG_ENABLE_MODULES = YES;
				CLANG_ENABLE_OBJC_ARC = YES;
				CLANG_ENABLE_OBJC_WEAK = YES;
				CLANG_WARN_BLOCK_CAPTURE_AUTORELEASING = YES;
				CLANG_WARN_BOOL_CONVERSION = YES;
				CLANG_WARN_COMMA = YES;
				CLANG_WARN_CONSTANT_CONVERSION = YES;
				CLANG_WARN_DEPRECATED_OBJC_IMPLEMENTATIONS = YES;
				CLANG_WARN_DIRECT_OBJC_ISA_USAGE = YES_ERROR;
				CLANG_WARN_DOCUMENTATION_COMMENTS = YES;
				CLANG_WARN_EMPTY_BODY = YES;
				CLANG_WARN_ENUM_CONVERSION = YES;
				CLANG_WARN_INFINITE_RECURSION = YES;
				CLANG_WARN_INT_CONVERSION = YES;
				CLANG_WARN_NON_LITERAL_NULL_CONVERSION = YES;
				CLANG_WARN_OBJC_IMPLICIT_RETAIN_SELF = YES;
				CLANG_WARN_OBJC_LITERAL_CONVERSION = YES;
				CLANG_WARN_OBJC_ROOT_CLASS = YES_ERROR;
				CLANG_WARN_QUOTED_INCLUDE_IN_FRAMEWORK_HEADER = YES;
				CLANG_WARN_RANGE_LOOP_ANALYSIS = YES;
				CLANG_WARN_STRICT_PROTOTYPES = YES;
				CLANG_WARN_SUSPICIOUS_MOVE = YES;
				CLANG_WARN_UNGUARDED_AVAILABILITY = YES_AGGRESSIVE;
				CLANG_WARN_UNREACHABLE_CODE = YES;
				CLANG_WARN__DUPLICATE_METHOD_MATCH = YES;
				COPY_PHASE_STRIP = NO;
				DEBUG_INFORMATION_FORMAT = "dwarf-with-dsym";
				ENABLE_NS_ASSERTIONS = NO;
				ENABLE_STRICT_OBJC_MSGSEND = YES;
				GCC_C_LANGUAGE_STANDARD = gnu11;
				GCC_NO_COMMON_BLOCKS = YES;
				GCC_WARN_64_TO_32_BIT_CONVERSION = YES;
				GCC_WARN_ABOUT_RETURN_TYPE = YES_ERROR;
				GCC_WARN_UNDECLARED_SELECTOR = YES;
				GCC_WARN_UNINITIALIZED_AUTOS = YES_AGGRESSIVE;
				GCC_WARN_UNUSED_FUNCTION = YES;
				GCC_WARN_UNUSED_VARIABLE = YES;
				IPHONEOS_DEPLOYMENT_TARGET = 16.4;
				MTL_ENABLE_DEBUG_INFO = NO;
				MTL_FAST_MATH = YES;
				SDKROOT = iphoneos;
				SWIFT_COMPILATION_MODE = wholemodule;
				SWIFT_OPTIMIZATION_LEVEL = "-O";
				VALIDATE_PRODUCT = YES;
			};
			name = Release;
		};
		CC92DDB82A03D61E007ECEFA /* Debug */ = {
			isa = XCBuildConfiguration;
			buildSettings = {
				ASSETCATALOG_COMPILER_APPICON_NAME = AppIcon;
				ASSETCATALOG_COMPILER_GLOBAL_ACCENT_COLOR_NAME = AccentColor;
				CODE_SIGN_STYLE = Automatic;
				CURRENT_PROJECT_VERSION = 1;
				DEVELOPMENT_TEAM = 4UV56Y9L23;
				GENERATE_INFOPLIST_FILE = YES;
				INFOPLIST_FILE = AlfaSVK/Info.plist;
				INFOPLIST_KEY_LSApplicationCategoryType = "public.app-category.business";
				INFOPLIST_KEY_UIApplicationSupportsIndirectInputEvents = YES;
				INFOPLIST_KEY_UILaunchStoryboardName = LaunchScreen;
				INFOPLIST_KEY_UIRequiresFullScreen = NO;
				INFOPLIST_KEY_UIStatusBarStyle = "";
				INFOPLIST_KEY_UISupportedInterfaceOrientations = UIInterfaceOrientationPortrait;
				INFOPLIST_KEY_UISupportedInterfaceOrientations_iPad = "UIInterfaceOrientationLandscapeLeft UIInterfaceOrientationLandscapeRight UIInterfaceOrientationPortrait UIInterfaceOrientationPortraitUpsideDown";
				IPHONEOS_DEPLOYMENT_TARGET = 15.0;
				LD_RUNPATH_SEARCH_PATHS = (
					"$(inherited)",
					"@executable_path/Frameworks",
				);
				MARKETING_VERSION = 1.0;
				PRODUCT_BUNDLE_IDENTIFIER = vagamagajaga.AlfaSVK;
				PRODUCT_NAME = "$(TARGET_NAME)";
				SUPPORTED_PLATFORMS = "iphoneos iphonesimulator";
				SUPPORTS_MACCATALYST = NO;
				SUPPORTS_MAC_DESIGNED_FOR_IPHONE_IPAD = NO;
				SWIFT_EMIT_LOC_STRINGS = YES;
				SWIFT_VERSION = 5.0;
				TARGETED_DEVICE_FAMILY = 1;
			};
			name = Debug;
		};
		CC92DDB92A03D61E007ECEFA /* Release */ = {
			isa = XCBuildConfiguration;
			buildSettings = {
				ASSETCATALOG_COMPILER_APPICON_NAME = AppIcon;
				ASSETCATALOG_COMPILER_GLOBAL_ACCENT_COLOR_NAME = AccentColor;
				CODE_SIGN_STYLE = Automatic;
				CURRENT_PROJECT_VERSION = 1;
				DEVELOPMENT_TEAM = 4UV56Y9L23;
				GENERATE_INFOPLIST_FILE = YES;
				INFOPLIST_FILE = AlfaSVK/Info.plist;
				INFOPLIST_KEY_LSApplicationCategoryType = "public.app-category.business";
				INFOPLIST_KEY_UIApplicationSupportsIndirectInputEvents = YES;
				INFOPLIST_KEY_UILaunchStoryboardName = LaunchScreen;
				INFOPLIST_KEY_UIRequiresFullScreen = NO;
				INFOPLIST_KEY_UIStatusBarStyle = "";
				INFOPLIST_KEY_UISupportedInterfaceOrientations = UIInterfaceOrientationPortrait;
				INFOPLIST_KEY_UISupportedInterfaceOrientations_iPad = "UIInterfaceOrientationLandscapeLeft UIInterfaceOrientationLandscapeRight UIInterfaceOrientationPortrait UIInterfaceOrientationPortraitUpsideDown";
				IPHONEOS_DEPLOYMENT_TARGET = 15.0;
				LD_RUNPATH_SEARCH_PATHS = (
					"$(inherited)",
					"@executable_path/Frameworks",
				);
				MARKETING_VERSION = 1.0;
				PRODUCT_BUNDLE_IDENTIFIER = vagamagajaga.AlfaSVK;
				PRODUCT_NAME = "$(TARGET_NAME)";
				SUPPORTED_PLATFORMS = "iphoneos iphonesimulator";
				SUPPORTS_MACCATALYST = NO;
				SUPPORTS_MAC_DESIGNED_FOR_IPHONE_IPAD = NO;
				SWIFT_EMIT_LOC_STRINGS = YES;
				SWIFT_VERSION = 5.0;
				TARGETED_DEVICE_FAMILY = 1;
			};
			name = Release;
		};
/* End XCBuildConfiguration section */

/* Begin XCConfigurationList section */
		CC92DD9E2A03D61C007ECEFA /* Build configuration list for PBXProject "AlfaSVK" */ = {
			isa = XCConfigurationList;
			buildConfigurations = (
				CC92DDB52A03D61E007ECEFA /* Debug */,
				CC92DDB62A03D61E007ECEFA /* Release */,
			);
			defaultConfigurationIsVisible = 0;
			defaultConfigurationName = Release;
		};
		CC92DDB72A03D61E007ECEFA /* Build configuration list for PBXNativeTarget "AlfaSVK" */ = {
			isa = XCConfigurationList;
			buildConfigurations = (
				CC92DDB82A03D61E007ECEFA /* Debug */,
				CC92DDB92A03D61E007ECEFA /* Release */,
			);
			defaultConfigurationIsVisible = 0;
			defaultConfigurationName = Release;
		};
/* End XCConfigurationList section */
	};
	rootObject = CC92DD9B2A03D61C007ECEFA /* Project object */;
}
